
Microsoft Visual Studio Solution File, Format Version 12.00
# Visual Studio 15
Project("{FAE04EC0-301F-11D3-BF4B-00C04F79EFBC}") = "Assembly-CSharp", "Assembly-CSharp.csproj", "{F6312A83-6AD2-7937-CB27-A98A2F418566}"
EndProject
Project("{FAE04EC0-301F-11D3-BF4B-00C04F79EFBC}") = "Assembly-CSharp-Editor", "Assembly-CSharp-Editor.csproj", "{0B052DC9-AD16-FBCB-3288-D7446F8D5DB4}"
EndProject
Global
	GlobalSection(SolutionConfigurationPlatforms) = preSolution
		Debug|Any CPU = Debug|Any CPU
		Release|Any CPU = Release|Any CPU
	EndGlobalSection
	GlobalSection(ProjectConfigurationPlatforms) = postSolution
		{F6312A83-6AD2-7937-CB27-A98A2F418566}.Debug|Any CPU.ActiveCfg = Debug|Any CPU
		{F6312A83-6AD2-7937-CB27-A98A2F418566}.Debug|Any CPU.Build.0 = Debug|Any CPU
		{F6312A83-6AD2-7937-CB27-A98A2F418566}.Release|Any CPU.ActiveCfg = Release|Any CPU
		{F6312A83-6AD2-7937-CB27-A98A2F418566}.Release|Any CPU.Build.0 = Release|Any CPU
		{0B052DC9-AD16-FBCB-3288-D7446F8D5DB4}.Debug|Any CPU.ActiveCfg = Debug|Any CPU
		{0B052DC9-AD16-FBCB-3288-D7446F8D5DB4}.Debug|Any CPU.Build.0 = Debug|Any CPU
		{0B052DC9-AD16-FBCB-3288-D7446F8D5DB4}.Release|Any CPU.ActiveCfg = Release|Any CPU
		{0B052DC9-AD16-FBCB-3288-D7446F8D5DB4}.Release|Any CPU.Build.0 = Release|Any CPU
	EndGlobalSection
	GlobalSection(SolutionProperties) = preSolution
		HideSolutionNode = FALSE
	EndGlobalSection
EndGlobal
